// !$*UTF8*$!
{
	archiveVersion = 1;
	classes = {
	};
	objectVersion = 55;
	objects = {

/* Begin PBXBuildFile section */
		9F06A59D278DD7C500C7E5B4 /* WeatherApp.swift in Sources */ = {isa = PBXBuildFile; fileRef = 9F06A59C278DD7C500C7E5B4 /* WeatherApp.swift */; };
		9F06A59F278DD7C500C7E5B4 /* MainView.swift in Sources */ = {isa = PBXBuildFile; fileRef = 9F06A59E278DD7C500C7E5B4 /* MainView.swift */; };
		9F06A5A1278DD7CA00C7E5B4 /* Assets.xcassets in Resources */ = {isa = PBXBuildFile; fileRef = 9F06A5A0278DD7CA00C7E5B4 /* Assets.xcassets */; };
		9F06A5A4278DD7CA00C7E5B4 /* Preview Assets.xcassets in Resources */ = {isa = PBXBuildFile; fileRef = 9F06A5A3278DD7CA00C7E5B4 /* Preview Assets.xcassets */; };
		9F06A5AE278DD7CB00C7E5B4 /* WeatherTests.swift in Sources */ = {isa = PBXBuildFile; fileRef = 9F06A5AD278DD7CB00C7E5B4 /* WeatherTests.swift */; };
		9F06A5B8278DD7CB00C7E5B4 /* WeatherUITests.swift in Sources */ = {isa = PBXBuildFile; fileRef = 9F06A5B7278DD7CB00C7E5B4 /* WeatherUITests.swift */; };
		9F06A5BA278DD7CB00C7E5B4 /* WeatherUITestsLaunchTests.swift in Sources */ = {isa = PBXBuildFile; fileRef = 9F06A5B9278DD7CB00C7E5B4 /* WeatherUITestsLaunchTests.swift */; };
		9F06A5C8278DDA5000C7E5B4 /* Location.swift in Sources */ = {isa = PBXBuildFile; fileRef = 9F06A5C7278DDA5000C7E5B4 /* Location.swift */; };
		9F06A5CA278DDA7B00C7E5B4 /* Hour.swift in Sources */ = {isa = PBXBuildFile; fileRef = 9F06A5C9278DDA7B00C7E5B4 /* Hour.swift */; };
		9F06A5CC278DDA9F00C7E5B4 /* Day.swift in Sources */ = {isa = PBXBuildFile; fileRef = 9F06A5CB278DDA9F00C7E5B4 /* Day.swift */; };
		9F06A5CE278DDAB900C7E5B4 /* Astro.swift in Sources */ = {isa = PBXBuildFile; fileRef = 9F06A5CD278DDAB900C7E5B4 /* Astro.swift */; };
		9F06A5D0278DDAD200C7E5B4 /* Forecastday.swift in Sources */ = {isa = PBXBuildFile; fileRef = 9F06A5CF278DDAD200C7E5B4 /* Forecastday.swift */; };
		9F06A5D2278DDAE500C7E5B4 /* Forecast.swift in Sources */ = {isa = PBXBuildFile; fileRef = 9F06A5D1278DDAE500C7E5B4 /* Forecast.swift */; };
		9F06A5D4278DDAFA00C7E5B4 /* Condition.swift in Sources */ = {isa = PBXBuildFile; fileRef = 9F06A5D3278DDAFA00C7E5B4 /* Condition.swift */; };
		9F06A5D6278DDB0F00C7E5B4 /* Current.swift in Sources */ = {isa = PBXBuildFile; fileRef = 9F06A5D5278DDB0F00C7E5B4 /* Current.swift */; };
		9F06A5D8278DDB2400C7E5B4 /* Weather.swift in Sources */ = {isa = PBXBuildFile; fileRef = 9F06A5D7278DDB2400C7E5B4 /* Weather.swift */; };
		9F06A5DB278DDD6400C7E5B4 /* API.swift in Sources */ = {isa = PBXBuildFile; fileRef = 9F06A5DA278DDD6400C7E5B4 /* API.swift */; };
		9F06A5DD278DE51700C7E5B4 /* Constants.swift in Sources */ = {isa = PBXBuildFile; fileRef = 9F06A5DC278DE51700C7E5B4 /* Constants.swift */; };
		9F06A5E0278DE7B300C7E5B4 /* APIHelper.swift in Sources */ = {isa = PBXBuildFile; fileRef = 9F06A5DF278DE7B300C7E5B4 /* APIHelper.swift */; };
		9F06A5E3278DEB9700C7E5B4 /* WeatherViewModel.swift in Sources */ = {isa = PBXBuildFile; fileRef = 9F06A5E2278DEB9700C7E5B4 /* WeatherViewModel.swift */; };
		9F269263278F3C4B0073580F /* weather.db in Resources */ = {isa = PBXBuildFile; fileRef = 9F269262278F3C4B0073580F /* weather.db */; };
		9F269266278F3CA90073580F /* GRDB in Frameworks */ = {isa = PBXBuildFile; productRef = 9F269265278F3CA90073580F /* GRDB */; };
		9F269268278F3CDA0073580F /* DBHelper.swift in Sources */ = {isa = PBXBuildFile; fileRef = 9F269267278F3CDA0073580F /* DBHelper.swift */; };
		9F26926A278F425C0073580F /* AirQuality.swift in Sources */ = {isa = PBXBuildFile; fileRef = 9F269269278F425C0073580F /* AirQuality.swift */; };
		9F26926C278F46240073580F /* AirQualityDetailsView.swift in Sources */ = {isa = PBXBuildFile; fileRef = 9F26926B278F46240073580F /* AirQualityDetailsView.swift */; };
		9F26926E278F46550073580F /* AirQualityDetailsViewModel.swift in Sources */ = {isa = PBXBuildFile; fileRef = 9F26926D278F46550073580F /* AirQualityDetailsViewModel.swift */; };
		9F269270278F4B4D0073580F /* AirQualityDetailsItemView.swift in Sources */ = {isa = PBXBuildFile; fileRef = 9F26926F278F4B4D0073580F /* AirQualityDetailsItemView.swift */; };
		9F8C839F278E8B2C002C4C93 /* CurrentWeatherConditionView.swift in Sources */ = {isa = PBXBuildFile; fileRef = 9F8C839E278E8B2C002C4C93 /* CurrentWeatherConditionView.swift */; };
		9F8C83A2278E8EF3002C4C93 /* NetworkImage in Frameworks */ = {isa = PBXBuildFile; productRef = 9F8C83A1278E8EF3002C4C93 /* NetworkImage */; };
		9F8C83B0278EC5A6002C4C93 /* HourlyView.swift in Sources */ = {isa = PBXBuildFile; fileRef = 9F8C83AF278EC5A6002C4C93 /* HourlyView.swift */; };
		9F8C83B3278ECD14002C4C93 /* StringExtensions.swift in Sources */ = {isa = PBXBuildFile; fileRef = 9F8C83B2278ECD14002C4C93 /* StringExtensions.swift */; };
		9F8C83B5278ED6FA002C4C93 /* AirQualitySummaryView.swift in Sources */ = {isa = PBXBuildFile; fileRef = 9F8C83B4278ED6FA002C4C93 /* AirQualitySummaryView.swift */; };
		9F8C83B7278EDAD1002C4C93 /* ForecastView.swift in Sources */ = {isa = PBXBuildFile; fileRef = 9F8C83B6278EDAD1002C4C93 /* ForecastView.swift */; };
		9F8C83B9278EDD4E002C4C93 /* ForecastsView.swift in Sources */ = {isa = PBXBuildFile; fileRef = 9F8C83B8278EDD4E002C4C93 /* ForecastsView.swift */; };
		9FC15CB1278FD1C5008131C5 /* SideMenuView.swift in Sources */ = {isa = PBXBuildFile; fileRef = 9FC15CB0278FD1C5008131C5 /* SideMenuView.swift */; };
		9FC15CB82790117A008131C5 /* SwiftUIRefresh in Frameworks */ = {isa = PBXBuildFile; productRef = 9FC15CB72790117A008131C5 /* SwiftUIRefresh */; };
/* End PBXBuildFile section */

/* Begin PBXContainerItemProxy section */
		9F06A5AA278DD7CB00C7E5B4 /* PBXContainerItemProxy */ = {
			isa = PBXContainerItemProxy;
			containerPortal = 9F06A591278DD7C500C7E5B4 /* Project object */;
			proxyType = 1;
			remoteGlobalIDString = 9F06A598278DD7C500C7E5B4;
			remoteInfo = Weather;
		};
		9F06A5B4278DD7CB00C7E5B4 /* PBXContainerItemProxy */ = {
			isa = PBXContainerItemProxy;
			containerPortal = 9F06A591278DD7C500C7E5B4 /* Project object */;
			proxyType = 1;
			remoteGlobalIDString = 9F06A598278DD7C500C7E5B4;
			remoteInfo = Weather;
		};
/* End PBXContainerItemProxy section */

/* Begin PBXFileReference section */
		9F06A599278DD7C500C7E5B4 /* Weather.app */ = {isa = PBXFileReference; explicitFileType = wrapper.application; includeInIndex = 0; path = Weather.app; sourceTree = BUILT_PRODUCTS_DIR; };
		9F06A59C278DD7C500C7E5B4 /* WeatherApp.swift */ = {isa = PBXFileReference; lastKnownFileType = sourcecode.swift; path = WeatherApp.swift; sourceTree = "<group>"; };
		9F06A59E278DD7C500C7E5B4 /* MainView.swift */ = {isa = PBXFileReference; lastKnownFileType = sourcecode.swift; path = MainView.swift; sourceTree = "<group>"; };
		9F06A5A0278DD7CA00C7E5B4 /* Assets.xcassets */ = {isa = PBXFileReference; lastKnownFileType = folder.assetcatalog; path = Assets.xcassets; sourceTree = "<group>"; };
		9F06A5A3278DD7CA00C7E5B4 /* Preview Assets.xcassets */ = {isa = PBXFileReference; lastKnownFileType = folder.assetcatalog; path = "Preview Assets.xcassets"; sourceTree = "<group>"; };
		9F06A5A9278DD7CB00C7E5B4 /* WeatherTests.xctest */ = {isa = PBXFileReference; explicitFileType = wrapper.cfbundle; includeInIndex = 0; path = WeatherTests.xctest; sourceTree = BUILT_PRODUCTS_DIR; };
		9F06A5AD278DD7CB00C7E5B4 /* WeatherTests.swift */ = {isa = PBXFileReference; lastKnownFileType = sourcecode.swift; path = WeatherTests.swift; sourceTree = "<group>"; };
		9F06A5B3278DD7CB00C7E5B4 /* WeatherUITests.xctest */ = {isa = PBXFileReference; explicitFileType = wrapper.cfbundle; includeInIndex = 0; path = WeatherUITests.xctest; sourceTree = BUILT_PRODUCTS_DIR; };
		9F06A5B7278DD7CB00C7E5B4 /* WeatherUITests.swift */ = {isa = PBXFileReference; lastKnownFileType = sourcecode.swift; path = WeatherUITests.swift; sourceTree = "<group>"; };
		9F06A5B9278DD7CB00C7E5B4 /* WeatherUITestsLaunchTests.swift */ = {isa = PBXFileReference; lastKnownFileType = sourcecode.swift; path = WeatherUITestsLaunchTests.swift; sourceTree = "<group>"; };
		9F06A5C7278DDA5000C7E5B4 /* Location.swift */ = {isa = PBXFileReference; lastKnownFileType = sourcecode.swift; path = Location.swift; sourceTree = "<group>"; };
		9F06A5C9278DDA7B00C7E5B4 /* Hour.swift */ = {isa = PBXFileReference; lastKnownFileType = sourcecode.swift; path = Hour.swift; sourceTree = "<group>"; };
		9F06A5CB278DDA9F00C7E5B4 /* Day.swift */ = {isa = PBXFileReference; lastKnownFileType = sourcecode.swift; path = Day.swift; sourceTree = "<group>"; };
		9F06A5CD278DDAB900C7E5B4 /* Astro.swift */ = {isa = PBXFileReference; lastKnownFileType = sourcecode.swift; path = Astro.swift; sourceTree = "<group>"; };
		9F06A5CF278DDAD200C7E5B4 /* Forecastday.swift */ = {isa = PBXFileReference; lastKnownFileType = sourcecode.swift; path = Forecastday.swift; sourceTree = "<group>"; };
		9F06A5D1278DDAE500C7E5B4 /* Forecast.swift */ = {isa = PBXFileReference; lastKnownFileType = sourcecode.swift; path = Forecast.swift; sourceTree = "<group>"; };
		9F06A5D3278DDAFA00C7E5B4 /* Condition.swift */ = {isa = PBXFileReference; lastKnownFileType = sourcecode.swift; path = Condition.swift; sourceTree = "<group>"; };
		9F06A5D5278DDB0F00C7E5B4 /* Current.swift */ = {isa = PBXFileReference; lastKnownFileType = sourcecode.swift; path = Current.swift; sourceTree = "<group>"; };
		9F06A5D7278DDB2400C7E5B4 /* Weather.swift */ = {isa = PBXFileReference; lastKnownFileType = sourcecode.swift; path = Weather.swift; sourceTree = "<group>"; };
		9F06A5DA278DDD6400C7E5B4 /* API.swift */ = {isa = PBXFileReference; lastKnownFileType = sourcecode.swift; path = API.swift; sourceTree = "<group>"; };
		9F06A5DC278DE51700C7E5B4 /* Constants.swift */ = {isa = PBXFileReference; lastKnownFileType = sourcecode.swift; path = Constants.swift; sourceTree = "<group>"; };
		9F06A5DF278DE7B300C7E5B4 /* APIHelper.swift */ = {isa = PBXFileReference; lastKnownFileType = sourcecode.swift; path = APIHelper.swift; sourceTree = "<group>"; };
		9F06A5E2278DEB9700C7E5B4 /* WeatherViewModel.swift */ = {isa = PBXFileReference; lastKnownFileType = sourcecode.swift; path = WeatherViewModel.swift; sourceTree = "<group>"; };
		9F269262278F3C4B0073580F /* weather.db */ = {isa = PBXFileReference; lastKnownFileType = file; path = weather.db; sourceTree = "<group>"; };
		9F269267278F3CDA0073580F /* DBHelper.swift */ = {isa = PBXFileReference; lastKnownFileType = sourcecode.swift; path = DBHelper.swift; sourceTree = "<group>"; };
		9F269269278F425C0073580F /* AirQuality.swift */ = {isa = PBXFileReference; lastKnownFileType = sourcecode.swift; path = AirQuality.swift; sourceTree = "<group>"; };
		9F26926B278F46240073580F /* AirQualityDetailsView.swift */ = {isa = PBXFileReference; lastKnownFileType = sourcecode.swift; path = AirQualityDetailsView.swift; sourceTree = "<group>"; };
		9F26926D278F46550073580F /* AirQualityDetailsViewModel.swift */ = {isa = PBXFileReference; lastKnownFileType = sourcecode.swift; path = AirQualityDetailsViewModel.swift; sourceTree = "<group>"; };
		9F26926F278F4B4D0073580F /* AirQualityDetailsItemView.swift */ = {isa = PBXFileReference; lastKnownFileType = sourcecode.swift; path = AirQualityDetailsItemView.swift; sourceTree = "<group>"; };
		9F8C839E278E8B2C002C4C93 /* CurrentWeatherConditionView.swift */ = {isa = PBXFileReference; lastKnownFileType = sourcecode.swift; path = CurrentWeatherConditionView.swift; sourceTree = "<group>"; };
		9F8C83AF278EC5A6002C4C93 /* HourlyView.swift */ = {isa = PBXFileReference; lastKnownFileType = sourcecode.swift; path = HourlyView.swift; sourceTree = "<group>"; };
		9F8C83B2278ECD14002C4C93 /* StringExtensions.swift */ = {isa = PBXFileReference; lastKnownFileType = sourcecode.swift; path = StringExtensions.swift; sourceTree = "<group>"; };
		9F8C83B4278ED6FA002C4C93 /* AirQualitySummaryView.swift */ = {isa = PBXFileReference; lastKnownFileType = sourcecode.swift; path = AirQualitySummaryView.swift; sourceTree = "<group>"; };
		9F8C83B6278EDAD1002C4C93 /* ForecastView.swift */ = {isa = PBXFileReference; lastKnownFileType = sourcecode.swift; path = ForecastView.swift; sourceTree = "<group>"; };
		9F8C83B8278EDD4E002C4C93 /* ForecastsView.swift */ = {isa = PBXFileReference; lastKnownFileType = sourcecode.swift; path = ForecastsView.swift; sourceTree = "<group>"; };
		9FC15CB0278FD1C5008131C5 /* SideMenuView.swift */ = {isa = PBXFileReference; lastKnownFileType = sourcecode.swift; path = SideMenuView.swift; sourceTree = "<group>"; };
/* End PBXFileReference section */

/* Begin PBXFrameworksBuildPhase section */
		9F06A596278DD7C500C7E5B4 /* Frameworks */ = {
			isa = PBXFrameworksBuildPhase;
			buildActionMask = 2147483647;
			files = (
				9FC15CB82790117A008131C5 /* SwiftUIRefresh in Frameworks */,
				9F8C83A2278E8EF3002C4C93 /* NetworkImage in Frameworks */,
				9F269266278F3CA90073580F /* GRDB in Frameworks */,
			);
			runOnlyForDeploymentPostprocessing = 0;
		};
		9F06A5A6278DD7CB00C7E5B4 /* Frameworks */ = {
			isa = PBXFrameworksBuildPhase;
			buildActionMask = 2147483647;
			files = (
			);
			runOnlyForDeploymentPostprocessing = 0;
		};
		9F06A5B0278DD7CB00C7E5B4 /* Frameworks */ = {
			isa = PBXFrameworksBuildPhase;
			buildActionMask = 2147483647;
			files = (
			);
			runOnlyForDeploymentPostprocessing = 0;
		};
/* End PBXFrameworksBuildPhase section */

/* Begin PBXGroup section */
		9F06A590278DD7C500C7E5B4 = {
			isa = PBXGroup;
			children = (
				9F06A59B278DD7C500C7E5B4 /* Weather */,
				9F06A5AC278DD7CB00C7E5B4 /* WeatherTests */,
				9F06A5B6278DD7CB00C7E5B4 /* WeatherUITests */,
				9F06A59A278DD7C500C7E5B4 /* Products */,
			);
			sourceTree = "<group>";
		};
		9F06A59A278DD7C500C7E5B4 /* Products */ = {
			isa = PBXGroup;
			children = (
				9F06A599278DD7C500C7E5B4 /* Weather.app */,
				9F06A5A9278DD7CB00C7E5B4 /* WeatherTests.xctest */,
				9F06A5B3278DD7CB00C7E5B4 /* WeatherUITests.xctest */,
			);
			name = Products;
			sourceTree = "<group>";
		};
		9F06A59B278DD7C500C7E5B4 /* Weather */ = {
			isa = PBXGroup;
			children = (
				9F8C83B1278ECCFF002C4C93 /* Extensions */,
				9F06A5E6278E81D200C7E5B4 /* Views */,
				9F06A5E5278E813F00C7E5B4 /* Widgets */,
				9F06A5E1278DEB7F00C7E5B4 /* ViewModels */,
				9F06A5DE278DE7A200C7E5B4 /* Helpers */,
				9F06A5D9278DDD3E00C7E5B4 /* Constants */,
				9F06A5C6278DDA2600C7E5B4 /* Models */,
				9F06A59C278DD7C500C7E5B4 /* WeatherApp.swift */,
				9F06A5A0278DD7CA00C7E5B4 /* Assets.xcassets */,
				9F269262278F3C4B0073580F /* weather.db */,
				9F06A5A2278DD7CA00C7E5B4 /* Preview Content */,
			);
			path = Weather;
			sourceTree = "<group>";
		};
		9F06A5A2278DD7CA00C7E5B4 /* Preview Content */ = {
			isa = PBXGroup;
			children = (
				9F06A5A3278DD7CA00C7E5B4 /* Preview Assets.xcassets */,
			);
			path = "Preview Content";
			sourceTree = "<group>";
		};
		9F06A5AC278DD7CB00C7E5B4 /* WeatherTests */ = {
			isa = PBXGroup;
			children = (
				9F06A5AD278DD7CB00C7E5B4 /* WeatherTests.swift */,
			);
			path = WeatherTests;
			sourceTree = "<group>";
		};
		9F06A5B6278DD7CB00C7E5B4 /* WeatherUITests */ = {
			isa = PBXGroup;
			children = (
				9F06A5B7278DD7CB00C7E5B4 /* WeatherUITests.swift */,
				9F06A5B9278DD7CB00C7E5B4 /* WeatherUITestsLaunchTests.swift */,
			);
			path = WeatherUITests;
			sourceTree = "<group>";
		};
		9F06A5C6278DDA2600C7E5B4 /* Models */ = {
			isa = PBXGroup;
			children = (
				9F06A5C7278DDA5000C7E5B4 /* Location.swift */,
				9F06A5C9278DDA7B00C7E5B4 /* Hour.swift */,
				9F06A5CB278DDA9F00C7E5B4 /* Day.swift */,
				9F06A5CD278DDAB900C7E5B4 /* Astro.swift */,
				9F06A5CF278DDAD200C7E5B4 /* Forecastday.swift */,
				9F06A5D1278DDAE500C7E5B4 /* Forecast.swift */,
				9F06A5D3278DDAFA00C7E5B4 /* Condition.swift */,
				9F06A5D5278DDB0F00C7E5B4 /* Current.swift */,
				9F06A5D7278DDB2400C7E5B4 /* Weather.swift */,
				9F269269278F425C0073580F /* AirQuality.swift */,
			);
			path = Models;
			sourceTree = "<group>";
		};
		9F06A5D9278DDD3E00C7E5B4 /* Constants */ = {
			isa = PBXGroup;
			children = (
				9F06A5DA278DDD6400C7E5B4 /* API.swift */,
				9F06A5DC278DE51700C7E5B4 /* Constants.swift */,
			);
			path = Constants;
			sourceTree = "<group>";
		};
		9F06A5DE278DE7A200C7E5B4 /* Helpers */ = {
			isa = PBXGroup;
			children = (
				9F06A5DF278DE7B300C7E5B4 /* APIHelper.swift */,
				9F269267278F3CDA0073580F /* DBHelper.swift */,
			);
			path = Helpers;
			sourceTree = "<group>";
		};
		9F06A5E1278DEB7F00C7E5B4 /* ViewModels */ = {
			isa = PBXGroup;
			children = (
				9F06A5E2278DEB9700C7E5B4 /* WeatherViewModel.swift */,
				9F26926D278F46550073580F /* AirQualityDetailsViewModel.swift */,
			);
			path = ViewModels;
			sourceTree = "<group>";
		};
		9F06A5E5278E813F00C7E5B4 /* Widgets */ = {
			isa = PBXGroup;
			children = (
				9F8C839E278E8B2C002C4C93 /* CurrentWeatherConditionView.swift */,
				9F8C83AF278EC5A6002C4C93 /* HourlyView.swift */,
				9F8C83B4278ED6FA002C4C93 /* AirQualitySummaryView.swift */,
				9F8C83B6278EDAD1002C4C93 /* ForecastView.swift */,
				9F8C83B8278EDD4E002C4C93 /* ForecastsView.swift */,
				9F26926F278F4B4D0073580F /* AirQualityDetailsItemView.swift */,
			);
			path = Widgets;
			sourceTree = "<group>";
		};
		9F06A5E6278E81D200C7E5B4 /* Views */ = {
			isa = PBXGroup;
			children = (
				9F06A59E278DD7C500C7E5B4 /* MainView.swift */,
				9F26926B278F46240073580F /* AirQualityDetailsView.swift */,
				9FC15CB0278FD1C5008131C5 /* SideMenuView.swift */,
			);
			path = Views;
			sourceTree = "<group>";
		};
		9F8C83B1278ECCFF002C4C93 /* Extensions */ = {
			isa = PBXGroup;
			children = (
				9F8C83B2278ECD14002C4C93 /* StringExtensions.swift */,
			);
			path = Extensions;
			sourceTree = "<group>";
		};
/* End PBXGroup section */

/* Begin PBXNativeTarget section */
		9F06A598278DD7C500C7E5B4 /* Weather */ = {
			isa = PBXNativeTarget;
			buildConfigurationList = 9F06A5BD278DD7CB00C7E5B4 /* Build configuration list for PBXNativeTarget "Weather" */;
			buildPhases = (
				9F06A595278DD7C500C7E5B4 /* Sources */,
				9F06A596278DD7C500C7E5B4 /* Frameworks */,
				9F06A597278DD7C500C7E5B4 /* Resources */,
			);
			buildRules = (
			);
			dependencies = (
			);
			name = Weather;
			packageProductDependencies = (
				9F8C83A1278E8EF3002C4C93 /* NetworkImage */,
				9F269265278F3CA90073580F /* GRDB */,
				9FC15CB72790117A008131C5 /* SwiftUIRefresh */,
			);
			productName = Weather;
			productReference = 9F06A599278DD7C500C7E5B4 /* Weather.app */;
			productType = "com.apple.product-type.application";
		};
		9F06A5A8278DD7CB00C7E5B4 /* WeatherTests */ = {
			isa = PBXNativeTarget;
			buildConfigurationList = 9F06A5C0278DD7CB00C7E5B4 /* Build configuration list for PBXNativeTarget "WeatherTests" */;
			buildPhases = (
				9F06A5A5278DD7CB00C7E5B4 /* Sources */,
				9F06A5A6278DD7CB00C7E5B4 /* Frameworks */,
				9F06A5A7278DD7CB00C7E5B4 /* Resources */,
			);
			buildRules = (
			);
			dependencies = (
				9F06A5AB278DD7CB00C7E5B4 /* PBXTargetDependency */,
			);
			name = WeatherTests;
			productName = WeatherTests;
			productReference = 9F06A5A9278DD7CB00C7E5B4 /* WeatherTests.xctest */;
			productType = "com.apple.product-type.bundle.unit-test";
		};
		9F06A5B2278DD7CB00C7E5B4 /* WeatherUITests */ = {
			isa = PBXNativeTarget;
			buildConfigurationList = 9F06A5C3278DD7CB00C7E5B4 /* Build configuration list for PBXNativeTarget "WeatherUITests" */;
			buildPhases = (
				9F06A5AF278DD7CB00C7E5B4 /* Sources */,
				9F06A5B0278DD7CB00C7E5B4 /* Frameworks */,
				9F06A5B1278DD7CB00C7E5B4 /* Resources */,
			);
			buildRules = (
			);
			dependencies = (
				9F06A5B5278DD7CB00C7E5B4 /* PBXTargetDependency */,
			);
			name = WeatherUITests;
			productName = WeatherUITests;
			productReference = 9F06A5B3278DD7CB00C7E5B4 /* WeatherUITests.xctest */;
			productType = "com.apple.product-type.bundle.ui-testing";
		};
/* End PBXNativeTarget section */

/* Begin PBXProject section */
		9F06A591278DD7C500C7E5B4 /* Project object */ = {
			isa = PBXProject;
			attributes = {
				BuildIndependentTargetsInParallel = 1;
				LastSwiftUpdateCheck = 1310;
				LastUpgradeCheck = 1310;
				TargetAttributes = {
					9F06A598278DD7C500C7E5B4 = {
						CreatedOnToolsVersion = 13.1;
					};
					9F06A5A8278DD7CB00C7E5B4 = {
						CreatedOnToolsVersion = 13.1;
						TestTargetID = 9F06A598278DD7C500C7E5B4;
					};
					9F06A5B2278DD7CB00C7E5B4 = {
						CreatedOnToolsVersion = 13.1;
						TestTargetID = 9F06A598278DD7C500C7E5B4;
					};
				};
			};
			buildConfigurationList = 9F06A594278DD7C500C7E5B4 /* Build configuration list for PBXProject "Weather" */;
			compatibilityVersion = "Xcode 13.0";
			developmentRegion = en;
			hasScannedForEncodings = 0;
			knownRegions = (
				en,
				Base,
			);
			mainGroup = 9F06A590278DD7C500C7E5B4;
			packageReferences = (
				9F8C83A0278E8EF3002C4C93 /* XCRemoteSwiftPackageReference "NetworkImage" */,
				9F269264278F3CA90073580F /* XCRemoteSwiftPackageReference "GRDB.swift" */,
				9FC15CB62790117A008131C5 /* XCRemoteSwiftPackageReference "SwiftUIRefresh" */,
			);
			productRefGroup = 9F06A59A278DD7C500C7E5B4 /* Products */;
			projectDirPath = "";
			projectRoot = "";
			targets = (
				9F06A598278DD7C500C7E5B4 /* Weather */,
				9F06A5A8278DD7CB00C7E5B4 /* WeatherTests */,
				9F06A5B2278DD7CB00C7E5B4 /* WeatherUITests */,
			);
		};
/* End PBXProject section */

/* Begin PBXResourcesBuildPhase section */
		9F06A597278DD7C500C7E5B4 /* Resources */ = {
			isa = PBXResourcesBuildPhase;
			buildActionMask = 2147483647;
			files = (
				9F269263278F3C4B0073580F /* weather.db in Resources */,
				9F06A5A4278DD7CA00C7E5B4 /* Preview Assets.xcassets in Resources */,
				9F06A5A1278DD7CA00C7E5B4 /* Assets.xcassets in Resources */,
			);
			runOnlyForDeploymentPostprocessing = 0;
		};
		9F06A5A7278DD7CB00C7E5B4 /* Resources */ = {
			isa = PBXResourcesBuildPhase;
			buildActionMask = 2147483647;
			files = (
			);
			runOnlyForDeploymentPostprocessing = 0;
		};
		9F06A5B1278DD7CB00C7E5B4 /* Resources */ = {
			isa = PBXResourcesBuildPhase;
			buildActionMask = 2147483647;
			files = (
			);
			runOnlyForDeploymentPostprocessing = 0;
		};
/* End PBXResourcesBuildPhase section */

/* Begin PBXSourcesBuildPhase section */
		9F06A595278DD7C500C7E5B4 /* Sources */ = {
			isa = PBXSourcesBuildPhase;
			buildActionMask = 2147483647;
			files = (
				9F8C83B9278EDD4E002C4C93 /* ForecastsView.swift in Sources */,
				9F8C83B5278ED6FA002C4C93 /* AirQualitySummaryView.swift in Sources */,
				9F06A5E0278DE7B300C7E5B4 /* APIHelper.swift in Sources */,
				9F06A5D2278DDAE500C7E5B4 /* Forecast.swift in Sources */,
				9F06A5D6278DDB0F00C7E5B4 /* Current.swift in Sources */,
				9F06A5D4278DDAFA00C7E5B4 /* Condition.swift in Sources */,
				9F8C839F278E8B2C002C4C93 /* CurrentWeatherConditionView.swift in Sources */,
				9F26926E278F46550073580F /* AirQualityDetailsViewModel.swift in Sources */,
				9F06A5D8278DDB2400C7E5B4 /* Weather.swift in Sources */,
				9F06A59F278DD7C500C7E5B4 /* MainView.swift in Sources */,
				9F06A5C8278DDA5000C7E5B4 /* Location.swift in Sources */,
				9F06A59D278DD7C500C7E5B4 /* WeatherApp.swift in Sources */,
				9F269268278F3CDA0073580F /* DBHelper.swift in Sources */,
				9F06A5DD278DE51700C7E5B4 /* Constants.swift in Sources */,
				9F26926A278F425C0073580F /* AirQuality.swift in Sources */,
				9F8C83B7278EDAD1002C4C93 /* ForecastView.swift in Sources */,
				9F06A5CC278DDA9F00C7E5B4 /* Day.swift in Sources */,
				9F8C83B0278EC5A6002C4C93 /* HourlyView.swift in Sources */,
				9F8C83B3278ECD14002C4C93 /* StringExtensions.swift in Sources */,
				9F06A5E3278DEB9700C7E5B4 /* WeatherViewModel.swift in Sources */,
				9F06A5CA278DDA7B00C7E5B4 /* Hour.swift in Sources */,
				9F26926C278F46240073580F /* AirQualityDetailsView.swift in Sources */,
				9F06A5D0278DDAD200C7E5B4 /* Forecastday.swift in Sources */,
				9F06A5DB278DDD6400C7E5B4 /* API.swift in Sources */,
				9FC15CB1278FD1C5008131C5 /* SideMenuView.swift in Sources */,
				9F06A5CE278DDAB900C7E5B4 /* Astro.swift in Sources */,
				9F269270278F4B4D0073580F /* AirQualityDetailsItemView.swift in Sources */,
			);
			runOnlyForDeploymentPostprocessing = 0;
		};
		9F06A5A5278DD7CB00C7E5B4 /* Sources */ = {
			isa = PBXSourcesBuildPhase;
			buildActionMask = 2147483647;
			files = (
				9F06A5AE278DD7CB00C7E5B4 /* WeatherTests.swift in Sources */,
			);
			runOnlyForDeploymentPostprocessing = 0;
		};
		9F06A5AF278DD7CB00C7E5B4 /* Sources */ = {
			isa = PBXSourcesBuildPhase;
			buildActionMask = 2147483647;
			files = (
				9F06A5B8278DD7CB00C7E5B4 /* WeatherUITests.swift in Sources */,
				9F06A5BA278DD7CB00C7E5B4 /* WeatherUITestsLaunchTests.swift in Sources */,
			);
			runOnlyForDeploymentPostprocessing = 0;
		};
/* End PBXSourcesBuildPhase section */

/* Begin PBXTargetDependency section */
		9F06A5AB278DD7CB00C7E5B4 /* PBXTargetDependency */ = {
			isa = PBXTargetDependency;
			target = 9F06A598278DD7C500C7E5B4 /* Weather */;
			targetProxy = 9F06A5AA278DD7CB00C7E5B4 /* PBXContainerItemProxy */;
		};
		9F06A5B5278DD7CB00C7E5B4 /* PBXTargetDependency */ = {
			isa = PBXTargetDependency;
			target = 9F06A598278DD7C500C7E5B4 /* Weather */;
			targetProxy = 9F06A5B4278DD7CB00C7E5B4 /* PBXContainerItemProxy */;
		};
/* End PBXTargetDependency section */

/* Begin XCBuildConfiguration section */
		9F06A5BB278DD7CB00C7E5B4 /* Debug */ = {
			isa = XCBuildConfiguration;
			buildSettings = {
				ALWAYS_SEARCH_USER_PATHS = NO;
				CLANG_ANALYZER_NONNULL = YES;
				CLANG_ANALYZER_NUMBER_OBJECT_CONVERSION = YES_AGGRESSIVE;
				CLANG_CXX_LANGUAGE_STANDARD = "gnu++17";
				CLANG_CXX_LIBRARY = "libc++";
				CLANG_ENABLE_MODULES = YES;
				CLANG_ENABLE_OBJC_ARC = YES;
				CLANG_ENABLE_OBJC_WEAK = YES;
				CLANG_WARN_BLOCK_CAPTURE_AUTORELEASING = YES;
				CLANG_WARN_BOOL_CONVERSION = YES;
				CLANG_WARN_COMMA = YES;
				CLANG_WARN_CONSTANT_CONVERSION = YES;
				CLANG_WARN_DEPRECATED_OBJC_IMPLEMENTATIONS = YES;
				CLANG_WARN_DIRECT_OBJC_ISA_USAGE = YES_ERROR;
				CLANG_WARN_DOCUMENTATION_COMMENTS = YES;
				CLANG_WARN_EMPTY_BODY = YES;
				CLANG_WARN_ENUM_CONVERSION = YES;
				CLANG_WARN_INFINITE_RECURSION = YES;
				CLANG_WARN_INT_CONVERSION = YES;
				CLANG_WARN_NON_LITERAL_NULL_CONVERSION = YES;
				CLANG_WARN_OBJC_IMPLICIT_RETAIN_SELF = YES;
				CLANG_WARN_OBJC_LITERAL_CONVERSION = YES;
				CLANG_WARN_OBJC_ROOT_CLASS = YES_ERROR;
				CLANG_WARN_QUOTED_INCLUDE_IN_FRAMEWORK_HEADER = YES;
				CLANG_WARN_RANGE_LOOP_ANALYSIS = YES;
				CLANG_WARN_STRICT_PROTOTYPES = YES;
				CLANG_WARN_SUSPICIOUS_MOVE = YES;
				CLANG_WARN_UNGUARDED_AVAILABILITY = YES_AGGRESSIVE;
				CLANG_WARN_UNREACHABLE_CODE = YES;
				CLANG_WARN__DUPLICATE_METHOD_MATCH = YES;
				COPY_PHASE_STRIP = NO;
				DEBUG_INFORMATION_FORMAT = dwarf;
				ENABLE_STRICT_OBJC_MSGSEND = YES;
				ENABLE_TESTABILITY = YES;
				GCC_C_LANGUAGE_STANDARD = gnu11;
				GCC_DYNAMIC_NO_PIC = NO;
				GCC_NO_COMMON_BLOCKS = YES;
				GCC_OPTIMIZATION_LEVEL = 0;
				GCC_PREPROCESSOR_DEFINITIONS = (
					"DEBUG=1",
					"$(inherited)",
				);
				GCC_WARN_64_TO_32_BIT_CONVERSION = YES;
				GCC_WARN_ABOUT_RETURN_TYPE = YES_ERROR;
				GCC_WARN_UNDECLARED_SELECTOR = YES;
				GCC_WARN_UNINITIALIZED_AUTOS = YES_AGGRESSIVE;
				GCC_WARN_UNUSED_FUNCTION = YES;
				GCC_WARN_UNUSED_VARIABLE = YES;
				IPHONEOS_DEPLOYMENT_TARGET = 14.0;
				MTL_ENABLE_DEBUG_INFO = INCLUDE_SOURCE;
				MTL_FAST_MATH = YES;
				ONLY_ACTIVE_ARCH = YES;
				SDKROOT = iphoneos;
				SWIFT_ACTIVE_COMPILATION_CONDITIONS = DEBUG;
				SWIFT_OPTIMIZATION_LEVEL = "-Onone";
			};
			name = Debug;
		};
		9F06A5BC278DD7CB00C7E5B4 /* Release */ = {
			isa = XCBuildConfiguration;
			buildSettings = {
				ALWAYS_SEARCH_USER_PATHS = NO;
				CLANG_ANALYZER_NONNULL = YES;
				CLANG_ANALYZER_NUMBER_OBJECT_CONVERSION = YES_AGGRESSIVE;
				CLANG_CXX_LANGUAGE_STANDARD = "gnu++17";
				CLANG_CXX_LIBRARY = "libc++";
				CLANG_ENABLE_MODULES = YES;
				CLANG_ENABLE_OBJC_ARC = YES;
				CLANG_ENABLE_OBJC_WEAK = YES;
				CLANG_WARN_BLOCK_CAPTURE_AUTORELEASING = YES;
				CLANG_WARN_BOOL_CONVERSION = YES;
				CLANG_WARN_COMMA = YES;
				CLANG_WARN_CONSTANT_CONVERSION = YES;
				CLANG_WARN_DEPRECATED_OBJC_IMPLEMENTATIONS = YES;
				CLANG_WARN_DIRECT_OBJC_ISA_USAGE = YES_ERROR;
				CLANG_WARN_DOCUMENTATION_COMMENTS = YES;
				CLANG_WARN_EMPTY_BODY = YES;
				CLANG_WARN_ENUM_CONVERSION = YES;
				CLANG_WARN_INFINITE_RECURSION = YES;
				CLANG_WARN_INT_CONVERSION = YES;
				CLANG_WARN_NON_LITERAL_NULL_CONVERSION = YES;
				CLANG_WARN_OBJC_IMPLICIT_RETAIN_SELF = YES;
				CLANG_WARN_OBJC_LITERAL_CONVERSION = YES;
				CLANG_WARN_OBJC_ROOT_CLASS = YES_ERROR;
				CLANG_WARN_QUOTED_INCLUDE_IN_FRAMEWORK_HEADER = YES;
				CLANG_WARN_RANGE_LOOP_ANALYSIS = YES;
				CLANG_WARN_STRICT_PROTOTYPES = YES;
				CLANG_WARN_SUSPICIOUS_MOVE = YES;
				CLANG_WARN_UNGUARDED_AVAILABILITY = YES_AGGRESSIVE;
				CLANG_WARN_UNREACHABLE_CODE = YES;
				CLANG_WARN__DUPLICATE_METHOD_MATCH = YES;
				COPY_PHASE_STRIP = NO;
				DEBUG_INFORMATION_FORMAT = "dwarf-with-dsym";
				ENABLE_NS_ASSERTIONS = NO;
				ENABLE_STRICT_OBJC_MSGSEND = YES;
				GCC_C_LANGUAGE_STANDARD = gnu11;
				GCC_NO_COMMON_BLOCKS = YES;
				GCC_WARN_64_TO_32_BIT_CONVERSION = YES;
				GCC_WARN_ABOUT_RETURN_TYPE = YES_ERROR;
				GCC_WARN_UNDECLARED_SELECTOR = YES;
				GCC_WARN_UNINITIALIZED_AUTOS = YES_AGGRESSIVE;
				GCC_WARN_UNUSED_FUNCTION = YES;
				GCC_WARN_UNUSED_VARIABLE = YES;
				IPHONEOS_DEPLOYMENT_TARGET = 14.0;
				MTL_ENABLE_DEBUG_INFO = NO;
				MTL_FAST_MATH = YES;
				SDKROOT = iphoneos;
				SWIFT_COMPILATION_MODE = wholemodule;
				SWIFT_OPTIMIZATION_LEVEL = "-O";
				VALIDATE_PRODUCT = YES;
			};
			name = Release;
		};
		9F06A5BE278DD7CB00C7E5B4 /* Debug */ = {
			isa = XCBuildConfiguration;
			buildSettings = {
				ASSETCATALOG_COMPILER_APPICON_NAME = AppIcon;
				ASSETCATALOG_COMPILER_GLOBAL_ACCENT_COLOR_NAME = AccentColor;
				CODE_SIGN_STYLE = Automatic;
				CURRENT_PROJECT_VERSION = 1;
				DEVELOPMENT_ASSET_PATHS = "\"Weather/Preview Content\"";
				DEVELOPMENT_TEAM = 74J66C6GZ2;
				ENABLE_PREVIEWS = YES;
				GENERATE_INFOPLIST_FILE = YES;
				INFOPLIST_KEY_UIApplicationSceneManifest_Generation = YES;
				INFOPLIST_KEY_UIApplicationSupportsIndirectInputEvents = YES;
				INFOPLIST_KEY_UILaunchScreen_Generation = YES;
				INFOPLIST_KEY_UISupportedInterfaceOrientations_iPad = "UIInterfaceOrientationPortrait UIInterfaceOrientationPortraitUpsideDown UIInterfaceOrientationLandscapeLeft UIInterfaceOrientationLandscapeRight";
				INFOPLIST_KEY_UISupportedInterfaceOrientations_iPhone = "UIInterfaceOrientationPortrait UIInterfaceOrientationLandscapeLeft UIInterfaceOrientationLandscapeRight";
				IPHONEOS_DEPLOYMENT_TARGET = 14.0;
				LD_RUNPATH_SEARCH_PATHS = (
					"$(inherited)",
					"@executable_path/Frameworks",
				);
				MARKETING_VERSION = 1.0;
				PRODUCT_BUNDLE_IDENTIFIER = com.maksumon.Weather;
				PRODUCT_NAME = "$(TARGET_NAME)";
				SWIFT_EMIT_LOC_STRINGS = YES;
				SWIFT_VERSION = 5.0;
				TARGETED_DEVICE_FAMILY = "1,2";
			};
			name = Debug;
		};
		9F06A5BF278DD7CB00C7E5B4 /* Release */ = {
			isa = XCBuildConfiguration;
			buildSettings = {
				ASSETCATALOG_COMPILER_APPICON_NAME = AppIcon;
				ASSETCATALOG_COMPILER_GLOBAL_ACCENT_COLOR_NAME = AccentColor;
				CODE_SIGN_STYLE = Automatic;
				CURRENT_PROJECT_VERSION = 1;
				DEVELOPMENT_ASSET_PATHS = "\"Weather/Preview Content\"";
				DEVELOPMENT_TEAM = 74J66C6GZ2;
				ENABLE_PREVIEWS = YES;
				GENERATE_INFOPLIST_FILE = YES;
				INFOPLIST_KEY_UIApplicationSceneManifest_Generation = YES;
				INFOPLIST_KEY_UIApplicationSupportsIndirectInputEvents = YES;
				INFOPLIST_KEY_UILaunchScreen_Generation = YES;
				INFOPLIST_KEY_UISupportedInterfaceOrientations_iPad = "UIInterfaceOrientationPortrait UIInterfaceOrientationPortraitUpsideDown UIInterfaceOrientationLandscapeLeft UIInterfaceOrientationLandscapeRight";
				INFOPLIST_KEY_UISupportedInterfaceOrientations_iPhone = "UIInterfaceOrientationPortrait UIInterfaceOrientationLandscapeLeft UIInterfaceOrientationLandscapeRight";
				IPHONEOS_DEPLOYMENT_TARGET = 14.0;
				LD_RUNPATH_SEARCH_PATHS = (
					"$(inherited)",
					"@executable_path/Frameworks",
				);
				MARKETING_VERSION = 1.0;
				PRODUCT_BUNDLE_IDENTIFIER = com.maksumon.Weather;
				PRODUCT_NAME = "$(TARGET_NAME)";
				SWIFT_EMIT_LOC_STRINGS = YES;
				SWIFT_VERSION = 5.0;
				TARGETED_DEVICE_FAMILY = "1,2";
			};
			name = Release;
		};
		9F06A5C1278DD7CB00C7E5B4 /* Debug */ = {
			isa = XCBuildConfiguration;
			buildSettings = {
				ALWAYS_EMBED_SWIFT_STANDARD_LIBRARIES = YES;
				BUNDLE_LOADER = "$(TEST_HOST)";
				CODE_SIGN_STYLE = Automatic;
				CURRENT_PROJECT_VERSION = 1;
				GENERATE_INFOPLIST_FILE = YES;
				IPHONEOS_DEPLOYMENT_TARGET = 15.0;
				LD_RUNPATH_SEARCH_PATHS = (
					"$(inherited)",
					"@executable_path/Frameworks",
					"@loader_path/Frameworks",
				);
				MARKETING_VERSION = 1.0;
				PRODUCT_BUNDLE_IDENTIFIER = com.maksumon.WeatherTests;
				PRODUCT_NAME = "$(TARGET_NAME)";
				SWIFT_EMIT_LOC_STRINGS = NO;
				SWIFT_VERSION = 5.0;
				TARGETED_DEVICE_FAMILY = "1,2";
				TEST_HOST = "$(BUILT_PRODUCTS_DIR)/Weather.app/Weather";
			};
			name = Debug;
		};
		9F06A5C2278DD7CB00C7E5B4 /* Release */ = {
			isa = XCBuildConfiguration;
			buildSettings = {
				ALWAYS_EMBED_SWIFT_STANDARD_LIBRARIES = YES;
				BUNDLE_LOADER = "$(TEST_HOST)";
				CODE_SIGN_STYLE = Automatic;
				CURRENT_PROJECT_VERSION = 1;
				GENERATE_INFOPLIST_FILE = YES;
				IPHONEOS_DEPLOYMENT_TARGET = 15.0;
				LD_RUNPATH_SEARCH_PATHS = (
					"$(inherited)",
					"@executable_path/Frameworks",
					"@loader_path/Frameworks",
				);
				MARKETING_VERSION = 1.0;
				PRODUCT_BUNDLE_IDENTIFIER = com.maksumon.WeatherTests;
				PRODUCT_NAME = "$(TARGET_NAME)";
				SWIFT_EMIT_LOC_STRINGS = NO;
				SWIFT_VERSION = 5.0;
				TARGETED_DEVICE_FAMILY = "1,2";
				TEST_HOST = "$(BUILT_PRODUCTS_DIR)/Weather.app/Weather";
			};
			name = Release;
		};
		9F06A5C4278DD7CB00C7E5B4 /* Debug */ = {
			isa = XCBuildConfiguration;
			buildSettings = {
				ALWAYS_EMBED_SWIFT_STANDARD_LIBRARIES = YES;
				CODE_SIGN_STYLE = Automatic;
				CURRENT_PROJECT_VERSION = 1;
				GENERATE_INFOPLIST_FILE = YES;
				LD_RUNPATH_SEARCH_PATHS = (
					"$(inherited)",
					"@executable_path/Frameworks",
					"@loader_path/Frameworks",
				);
				MARKETING_VERSION = 1.0;
				PRODUCT_BUNDLE_IDENTIFIER = com.maksumon.WeatherUITests;
				PRODUCT_NAME = "$(TARGET_NAME)";
				SWIFT_EMIT_LOC_STRINGS = NO;
				SWIFT_VERSION = 5.0;
				TARGETED_DEVICE_FAMILY = "1,2";
				TEST_TARGET_NAME = Weather;
			};
			name = Debug;
		};
		9F06A5C5278DD7CB00C7E5B4 /* Release */ = {
			isa = XCBuildConfiguration;
			buildSettings = {
				ALWAYS_EMBED_SWIFT_STANDARD_LIBRARIES = YES;
				CODE_SIGN_STYLE = Automatic;
				CURRENT_PROJECT_VERSION = 1;
				GENERATE_INFOPLIST_FILE = YES;
				LD_RUNPATH_SEARCH_PATHS = (
					"$(inherited)",
					"@executable_path/Frameworks",
					"@loader_path/Frameworks",
				);
				MARKETING_VERSION = 1.0;
				PRODUCT_BUNDLE_IDENTIFIER = com.maksumon.WeatherUITests;
				PRODUCT_NAME = "$(TARGET_NAME)";
				SWIFT_EMIT_LOC_STRINGS = NO;
				SWIFT_VERSION = 5.0;
				TARGETED_DEVICE_FAMILY = "1,2";
				TEST_TARGET_NAME = Weather;
			};
			name = Release;
		};
/* End XCBuildConfiguration section */

/* Begin XCConfigurationList section */
		9F06A594278DD7C500C7E5B4 /* Build configuration list for PBXProject "Weather" */ = {
			isa = XCConfigurationList;
			buildConfigurations = (
				9F06A5BB278DD7CB00C7E5B4 /* Debug */,
				9F06A5BC278DD7CB00C7E5B4 /* Release */,
			);
			defaultConfigurationIsVisible = 0;
			defaultConfigurationName = Release;
		};
		9F06A5BD278DD7CB00C7E5B4 /* Build configuration list for PBXNativeTarget "Weather" */ = {
			isa = XCConfigurationList;
			buildConfigurations = (
				9F06A5BE278DD7CB00C7E5B4 /* Debug */,
				9F06A5BF278DD7CB00C7E5B4 /* Release */,
			);
			defaultConfigurationIsVisible = 0;
			defaultConfigurationName = Release;
		};
		9F06A5C0278DD7CB00C7E5B4 /* Build configuration list for PBXNativeTarget "WeatherTests" */ = {
			isa = XCConfigurationList;
			buildConfigurations = (
				9F06A5C1278DD7CB00C7E5B4 /* Debug */,
				9F06A5C2278DD7CB00C7E5B4 /* Release */,
			);
			defaultConfigurationIsVisible = 0;
			defaultConfigurationName = Release;
		};
		9F06A5C3278DD7CB00C7E5B4 /* Build configuration list for PBXNativeTarget "WeatherUITests" */ = {
			isa = XCConfigurationList;
			buildConfigurations = (
				9F06A5C4278DD7CB00C7E5B4 /* Debug */,
				9F06A5C5278DD7CB00C7E5B4 /* Release */,
			);
			defaultConfigurationIsVisible = 0;
			defaultConfigurationName = Release;
		};
/* End XCConfigurationList section */

/* Begin XCRemoteSwiftPackageReference section */
		9F269264278F3CA90073580F /* XCRemoteSwiftPackageReference "GRDB.swift" */ = {
			isa = XCRemoteSwiftPackageReference;
			repositoryURL = "https://github.com/groue/GRDB.swift.git";
			requirement = {
				kind = upToNextMajorVersion;
				minimumVersion = 5.0.0;
			};
		};
		9F8C83A0278E8EF3002C4C93 /* XCRemoteSwiftPackageReference "NetworkImage" */ = {
			isa = XCRemoteSwiftPackageReference;
			repositoryURL = "https://github.com/gonzalezreal/NetworkImage.git";
			requirement = {
				kind = upToNextMajorVersion;
				minimumVersion = 4.0.0;
			};
		};
		9FC15CB62790117A008131C5 /* XCRemoteSwiftPackageReference "SwiftUIRefresh" */ = {
			isa = XCRemoteSwiftPackageReference;
			repositoryURL = "https://github.com/timbersoftware/SwiftUIRefresh.git";
			requirement = {
				kind = upToNextMajorVersion;
				minimumVersion = 0.0.3;
			};
		};
/* End XCRemoteSwiftPackageReference section */

/* Begin XCSwiftPackageProductDependency section */
		9F269265278F3CA90073580F /* GRDB */ = {
			isa = XCSwiftPackageProductDependency;
			package = 9F269264278F3CA90073580F /* XCRemoteSwiftPackageReference "GRDB.swift" */;
			productName = GRDB;
		};
		9F8C83A1278E8EF3002C4C93 /* NetworkImage */ = {
			isa = XCSwiftPackageProductDependency;
			package = 9F8C83A0278E8EF3002C4C93 /* XCRemoteSwiftPackageReference "NetworkImage" */;
			productName = NetworkImage;
		};
		9FC15CB72790117A008131C5 /* SwiftUIRefresh */ = {
			isa = XCSwiftPackageProductDependency;
			package = 9FC15CB62790117A008131C5 /* XCRemoteSwiftPackageReference "SwiftUIRefresh" */;
			productName = SwiftUIRefresh;
		};
/* End XCSwiftPackageProductDependency section */
	};
	rootObject = 9F06A591278DD7C500C7E5B4 /* Project object */;
}
